
Microsoft Visual Studio Solution File, Format Version 12.00
# Visual Studio Version 17
VisualStudioVersion = 17.9.34728.123
MinimumVisualStudioVersion = 10.0.40219.1
Project("{FAE04EC0-301F-11D3-BF4B-00C04F79EFBC}") = "UnitTest_Ngoc28_Vien53", "Test\UnitTest_Ngoc28_Vien53.csproj", "{8A2D6816-A9EA-4211-AD1C-9F08E03104B3}"
EndProject
Project("{FAE04EC0-301F-11D3-BF4B-00C04F79EFBC}") = "KiemTraSoNguyenTo_Ngoc28_Vien53", "KiemTraSoNguyenTo\KiemTraSoNguyenTo_Ngoc28_Vien53.csproj", "{86B2ADB6-2D14-4773-80C4-D035FAAD517F}"
EndProject
Project("{FAE04EC0-301F-11D3-BF4B-00C04F79EFBC}") = "KiemTraDauVaoEmail_Ngoc28_Vien53", "KiemTraDauVaoEmail\KiemTraDauVaoEmail_Ngoc28_Vien53.csproj", "{95B9836D-5B7F-40CE-BB8B-FF644FCAF410}"
EndProject
Project("{FAE04EC0-301F-11D3-BF4B-00C04F79EFBC}") = "GiaiPhuongTrinhBac2_Ngoc28_Vien53", "GiaiPhuongTrinhBac1va2\GiaiPhuongTrinhBac2_Ngoc28_Vien53.csproj", "{0DACFB0F-ED60-4C59-97D5-0C6FF3EC9B1D}"
EndProject
Project("{FAE04EC0-301F-11D3-BF4B-00C04F79EFBC}") = "XetHocBong_Ngoc28_Vien53", "XetHocBong\XetHocBong_Ngoc28_Vien53.csproj", "{1A9214C7-E55C-4991-AB7E-29E436E614A0}"
EndProject
Project("{FAE04EC0-301F-11D3-BF4B-00C04F79EFBC}") = "Power_Ngoc28_Vien53", "..\Power\Power_Ngoc28_Vien53.csproj", "{106F4DAC-5AB2-4F9E-AA31-75B7FA477868}"
EndProject
Global
	GlobalSection(SolutionConfigurationPlatforms) = preSolution
		Debug|Any CPU = Debug|Any CPU
		Debug|ARM64 = Debug|ARM64
		Debug|x64 = Debug|x64
		Debug|x86 = Debug|x86
		Release|Any CPU = Release|Any CPU
		Release|ARM64 = Release|ARM64
		Release|x64 = Release|x64
		Release|x86 = Release|x86
	EndGlobalSection
	GlobalSection(ProjectConfigurationPlatforms) = postSolution
		{8A2D6816-A9EA-4211-AD1C-9F08E03104B3}.Debug|Any CPU.ActiveCfg = Debug|Any CPU
		{8A2D6816-A9EA-4211-AD1C-9F08E03104B3}.Debug|Any CPU.Build.0 = Debug|Any CPU
		{8A2D6816-A9EA-4211-AD1C-9F08E03104B3}.Debug|ARM64.ActiveCfg = Debug|Any CPU
		{8A2D6816-A9EA-4211-AD1C-9F08E03104B3}.Debug|ARM64.Build.0 = Debug|Any CPU
		{8A2D6816-A9EA-4211-AD1C-9F08E03104B3}.Debug|x64.ActiveCfg = Debug|Any CPU
		{8A2D6816-A9EA-4211-AD1C-9F08E03104B3}.Debug|x64.Build.0 = Debug|Any CPU
		{8A2D6816-A9EA-4211-AD1C-9F08E03104B3}.Debug|x86.ActiveCfg = Debug|x86
		{8A2D6816-A9EA-4211-AD1C-9F08E03104B3}.Debug|x86.Build.0 = Debug|x86
		{8A2D6816-A9EA-4211-AD1C-9F08E03104B3}.Release|Any CPU.ActiveCfg = Release|Any CPU
		{8A2D6816-A9EA-4211-AD1C-9F08E03104B3}.Release|Any CPU.Build.0 = Release|Any CPU
		{8A2D6816-A9EA-4211-AD1C-9F08E03104B3}.Release|ARM64.ActiveCfg = Release|Any CPU
		{8A2D6816-A9EA-4211-AD1C-9F08E03104B3}.Release|ARM64.Build.0 = Release|Any CPU
		{8A2D6816-A9EA-4211-AD1C-9F08E03104B3}.Release|x64.ActiveCfg = Release|Any CPU
		{8A2D6816-A9EA-4211-AD1C-9F08E03104B3}.Release|x64.Build.0 = Release|Any CPU
		{8A2D6816-A9EA-4211-AD1C-9F08E03104B3}.Release|x86.ActiveCfg = Release|x86
		{8A2D6816-A9EA-4211-AD1C-9F08E03104B3}.Release|x86.Build.0 = Release|x86
		{86B2ADB6-2D14-4773-80C4-D035FAAD517F}.Debug|Any CPU.ActiveCfg = Debug|Any CPU
		{86B2ADB6-2D14-4773-80C4-D035FAAD517F}.Debug|Any CPU.Build.0 = Debug|Any CPU
		{86B2ADB6-2D14-4773-80C4-D035FAAD517F}.Debug|ARM64.ActiveCfg = Debug|Any CPU
		{86B2ADB6-2D14-4773-80C4-D035FAAD517F}.Debug|ARM64.Build.0 = Debug|Any CPU
		{86B2ADB6-2D14-4773-80C4-D035FAAD517F}.Debug|x64.ActiveCfg = Debug|Any CPU
		{86B2ADB6-2D14-4773-80C4-D035FAAD517F}.Debug|x64.Build.0 = Debug|Any CPU
		{86B2ADB6-2D14-4773-80C4-D035FAAD517F}.Debug|x86.ActiveCfg = Debug|x86
		{86B2ADB6-2D14-4773-80C4-D035FAAD517F}.Debug|x86.Build.0 = Debug|x86
		{86B2ADB6-2D14-4773-80C4-D035FAAD517F}.Release|Any CPU.ActiveCfg = Release|Any CPU
		{86B2ADB6-2D14-4773-80C4-D035FAAD517F}.Release|Any CPU.Build.0 = Release|Any CPU
		{86B2ADB6-2D14-4773-80C4-D035FAAD517F}.Release|ARM64.ActiveCfg = Release|Any CPU
		{86B2ADB6-2D14-4773-80C4-D035FAAD517F}.Release|ARM64.Build.0 = Release|Any CPU
		{86B2ADB6-2D14-4773-80C4-D035FAAD517F}.Release|x64.ActiveCfg = Release|Any CPU
		{86B2ADB6-2D14-4773-80C4-D035FAAD517F}.Release|x64.Build.0 = Release|Any CPU
		{86B2ADB6-2D14-4773-80C4-D035FAAD517F}.Release|x86.ActiveCfg = Release|x86
		{86B2ADB6-2D14-4773-80C4-D035FAAD517F}.Release|x86.Build.0 = Release|x86
		{95B9836D-5B7F-40CE-BB8B-FF644FCAF410}.Debug|Any CPU.ActiveCfg = Debug|Any CPU
		{95B9836D-5B7F-40CE-BB8B-FF644FCAF410}.Debug|Any CPU.Build.0 = Debug|Any CPU
		{95B9836D-5B7F-40CE-BB8B-FF644FCAF410}.Debug|ARM64.ActiveCfg = Debug|Any CPU
		{95B9836D-5B7F-40CE-BB8B-FF644FCAF410}.Debug|ARM64.Build.0 = Debug|Any CPU
		{95B9836D-5B7F-40CE-BB8B-FF644FCAF410}.Debug|x64.ActiveCfg = Debug|Any CPU
		{95B9836D-5B7F-40CE-BB8B-FF644FCAF410}.Debug|x64.Build.0 = Debug|Any CPU
		{95B9836D-5B7F-40CE-BB8B-FF644FCAF410}.Debug|x86.ActiveCfg = Debug|x86
		{95B9836D-5B7F-40CE-BB8B-FF644FCAF410}.Debug|x86.Build.0 = Debug|x86
		{95B9836D-5B7F-40CE-BB8B-FF644FCAF410}.Release|Any CPU.ActiveCfg = Release|Any CPU
		{95B9836D-5B7F-40CE-BB8B-FF644FCAF410}.Release|Any CPU.Build.0 = Release|Any CPU
		{95B9836D-5B7F-40CE-BB8B-FF644FCAF410}.Release|ARM64.ActiveCfg = Release|Any CPU
		{95B9836D-5B7F-40CE-BB8B-FF644FCAF410}.Release|ARM64.Build.0 = Release|Any CPU
		{95B9836D-5B7F-40CE-BB8B-FF644FCAF410}.Release|x64.ActiveCfg = Release|Any CPU
		{95B9836D-5B7F-40CE-BB8B-FF644FCAF410}.Release|x64.Build.0 = Release|Any CPU
		{95B9836D-5B7F-40CE-BB8B-FF644FCAF410}.Release|x86.ActiveCfg = Release|x86
		{95B9836D-5B7F-40CE-BB8B-FF644FCAF410}.Release|x86.Build.0 = Release|x86
		{0DACFB0F-ED60-4C59-97D5-0C6FF3EC9B1D}.Debug|Any CPU.ActiveCfg = Debug|Any CPU
		{0DACFB0F-ED60-4C59-97D5-0C6FF3EC9B1D}.Debug|Any CPU.Build.0 = Debug|Any CPU
		{0DACFB0F-ED60-4C59-97D5-0C6FF3EC9B1D}.Debug|ARM64.ActiveCfg = Debug|Any CPU
		{0DACFB0F-ED60-4C59-97D5-0C6FF3EC9B1D}.Debug|ARM64.Build.0 = Debug|Any CPU
		{0DACFB0F-ED60-4C59-97D5-0C6FF3EC9B1D}.Debug|x64.ActiveCfg = Debug|Any CPU
		{0DACFB0F-ED60-4C59-97D5-0C6FF3EC9B1D}.Debug|x64.Build.0 = Debug|Any CPU
		{0DACFB0F-ED60-4C59-97D5-0C6FF3EC9B1D}.Debug|x86.ActiveCfg = Debug|x86
		{0DACFB0F-ED60-4C59-97D5-0C6FF3EC9B1D}.Debug|x86.Build.0 = Debug|x86
		{0DACFB0F-ED60-4C59-97D5-0C6FF3EC9B1D}.Release|Any CPU.ActiveCfg = Release|Any CPU
		{0DACFB0F-ED60-4C59-97D5-0C6FF3EC9B1D}.Release|Any CPU.Build.0 = Release|Any CPU
		{0DACFB0F-ED60-4C59-97D5-0C6FF3EC9B1D}.Release|ARM64.ActiveCfg = Release|Any CPU
		{0DACFB0F-ED60-4C59-97D5-0C6FF3EC9B1D}.Release|ARM64.Build.0 = Release|Any CPU
		{0DACFB0F-ED60-4C59-97D5-0C6FF3EC9B1D}.Release|x64.ActiveCfg = Release|Any CPU
		{0DACFB0F-ED60-4C59-97D5-0C6FF3EC9B1D}.Release|x64.Build.0 = Release|Any CPU
		{0DACFB0F-ED60-4C59-97D5-0C6FF3EC9B1D}.Release|x86.ActiveCfg = Release|x86
		{0DACFB0F-ED60-4C59-97D5-0C6FF3EC9B1D}.Release|x86.Build.0 = Release|x86
		{1A9214C7-E55C-4991-AB7E-29E436E614A0}.Debug|Any CPU.ActiveCfg = Debug|Any CPU
		{1A9214C7-E55C-4991-AB7E-29E436E614A0}.Debug|Any CPU.Build.0 = Debug|Any CPU
		{1A9214C7-E55C-4991-AB7E-29E436E614A0}.Debug|ARM64.ActiveCfg = Debug|Any CPU
		{1A9214C7-E55C-4991-AB7E-29E436E614A0}.Debug|ARM64.Build.0 = Debug|Any CPU
		{1A9214C7-E55C-4991-AB7E-29E436E614A0}.Debug|x64.ActiveCfg = Debug|Any CPU
		{1A9214C7-E55C-4991-AB7E-29E436E614A0}.Debug|x64.Build.0 = Debug|Any CPU
		{1A9214C7-E55C-4991-AB7E-29E436E614A0}.Debug|x86.ActiveCfg = Debug|x86
		{1A9214C7-E55C-4991-AB7E-29E436E614A0}.Debug|x86.Build.0 = Debug|x86
		{1A9214C7-E55C-4991-AB7E-29E436E614A0}.Release|Any CPU.ActiveCfg = Release|Any CPU
		{1A9214C7-E55C-4991-AB7E-29E436E614A0}.Release|Any CPU.Build.0 = Release|Any CPU
		{1A9214C7-E55C-4991-AB7E-29E436E614A0}.Release|ARM64.ActiveCfg = Release|Any CPU
		{1A9214C7-E55C-4991-AB7E-29E436E614A0}.Release|ARM64.Build.0 = Release|Any CPU
		{1A9214C7-E55C-4991-AB7E-29E436E614A0}.Release|x64.ActiveCfg = Release|Any CPU
		{1A9214C7-E55C-4991-AB7E-29E436E614A0}.Release|x64.Build.0 = Release|Any CPU
		{1A9214C7-E55C-4991-AB7E-29E436E614A0}.Release|x86.ActiveCfg = Release|x86
		{1A9214C7-E55C-4991-AB7E-29E436E614A0}.Release|x86.Build.0 = Release|x86
		{106F4DAC-5AB2-4F9E-AA31-75B7FA477868}.Debug|Any CPU.ActiveCfg = Debug|Any CPU
		{106F4DAC-5AB2-4F9E-AA31-75B7FA477868}.Debug|Any CPU.Build.0 = Debug|Any CPU
		{106F4DAC-5AB2-4F9E-AA31-75B7FA477868}.Debug|ARM64.ActiveCfg = Debug|ARM64
		{106F4DAC-5AB2-4F9E-AA31-75B7FA477868}.Debug|ARM64.Build.0 = Debug|ARM64
		{106F4DAC-5AB2-4F9E-AA31-75B7FA477868}.Debug|x64.ActiveCfg = Debug|x64
		{106F4DAC-5AB2-4F9E-AA31-75B7FA477868}.Debug|x64.Build.0 = Debug|x64
		{106F4DAC-5AB2-4F9E-AA31-75B7FA477868}.Debug|x86.ActiveCfg = Debug|x86
		{106F4DAC-5AB2-4F9E-AA31-75B7FA477868}.Debug|x86.Build.0 = Debug|x86
		{106F4DAC-5AB2-4F9E-AA31-75B7FA477868}.Release|Any CPU.ActiveCfg = Release|Any CPU
		{106F4DAC-5AB2-4F9E-AA31-75B7FA477868}.Release|Any CPU.Build.0 = Release|Any CPU
		{106F4DAC-5AB2-4F9E-AA31-75B7FA477868}.Release|ARM64.ActiveCfg = Release|ARM64
		{106F4DAC-5AB2-4F9E-AA31-75B7FA477868}.Release|ARM64.Build.0 = Release|ARM64
		{106F4DAC-5AB2-4F9E-AA31-75B7FA477868}.Release|x64.ActiveCfg = Release|x64
		{106F4DAC-5AB2-4F9E-AA31-75B7FA477868}.Release|x64.Build.0 = Release|x64
		{106F4DAC-5AB2-4F9E-AA31-75B7FA477868}.Release|x86.ActiveCfg = Release|x86
		{106F4DAC-5AB2-4F9E-AA31-75B7FA477868}.Release|x86.Build.0 = Release|x86
	EndGlobalSection
	GlobalSection(SolutionProperties) = preSolution
		HideSolutionNode = FALSE
	EndGlobalSection
	GlobalSection(ExtensibilityGlobals) = postSolution
		SolutionGuid = {10651527-FB33-45E7-9603-A0CCF764C290}
	EndGlobalSection
EndGlobal
